
Microsoft Visual Studio Solution File, Format Version 12.00
# Visual Studio 15
VisualStudioVersion = 15.0.28307.539
MinimumVisualStudioVersion = 10.0.40219.1
Project("{FAE04EC0-301F-11D3-BF4B-00C04F79EFBC}") = "GcpShrtlnk", "GcpShrtlnk\GcpShrtlnk.csproj", "{E513050C-8602-42E8-BD3C-999EA381C4B7}"
EndProject
Global
	GlobalSection(SolutionConfigurationPlatforms) = preSolution
		Debug|Any CPU = Debug|Any CPU
		Release|Any CPU = Release|Any CPU
	EndGlobalSection
	GlobalSection(ProjectConfigurationPlatforms) = postSolution
		{E513050C-8602-42E8-BD3C-999EA381C4B7}.Debug|Any CPU.ActiveCfg = Debug|Any CPU
		{E513050C-8602-42E8-BD3C-999EA381C4B7}.Debug|Any CPU.Build.0 = Debug|Any CPU
		{E513050C-8602-42E8-BD3C-999EA381C4B7}.Release|Any CPU.ActiveCfg = Release|Any CPU
		{E513050C-8602-42E8-BD3C-999EA381C4B7}.Release|Any CPU.Build.0 = Release|Any CPU
	EndGlobalSection
	GlobalSection(SolutionProperties) = preSolution
		HideSolutionNode = FALSE
	EndGlobalSection
	GlobalSection(ExtensibilityGlobals) = postSolution
		SolutionGuid = {1E2D5C9B-024C-4F49-AC41-20FFC3655099}
	EndGlobalSection
EndGlobal
